{
  "originHash" : "cdfde4dd5858f9a0d40a6bb58dc9236837021d1e2ae5b54250104d4384eaaf0d",
  "pins" : [
    {
      "identity" : "inject",
      "kind" : "remoteSourceControl",
      "location" : "https://github.com/krzysztofzablocki/Inject.git",
      "state" : {
        "revision" : "728c56639ecb3df441d51d5bc6747329afabcfc9",
        "version" : "1.5.2"
      }
    },
    {
      "identity" : "swiftformat",
      "kind" : "remoteSourceControl",
      "location" : "https://github.com/nicklockwood/SwiftFormat",
      "state" : {
        "revision" : "d35227722eb590b34a3ccaf8b40759e8910bc870",
        "version" : "0.56.1"
      }
    }
  ],
  "version" : 3
}
