// !$*UTF8*$!
{
	archiveVersion = 1;
	classes = {
	};
	objectVersion = 77;
	objects = {

/* Begin PBXBuildFile section */
		8B506FA72DD094E0008F20BA /* Inject in Frameworks */ = {isa = PBXBuildFile; productRef = 8B506FA62DD094E0008F20BA /* Inject */; };
		8BB369102DE1A6D100DB6FDD /* README.md in Resources */ = {isa = PBXBuildFile; fileRef = 8BB3690F2DE1A6D100DB6FDD /* README.md */; };
		8BB369122DE1A76E00DB6FDD /* .swiftlint.yml in Resources */ = {isa = PBXBuildFile; fileRef = 8BB369112DE1A76E00DB6FDD /* .swiftlint.yml */; };
/* End PBXBuildFile section */

/* Begin PBXContainerItemProxy section */
		8B6BC5C92DD03C4000CC5808 /* PBXContainerItemProxy */ = {
			isa = PBXContainerItemProxy;
			containerPortal = 8B6BC5B12DD03C3E00CC5808 /* Project object */;
			proxyType = 1;
			remoteGlobalIDString = 8B6BC5B82DD03C3E00CC5808;
			remoteInfo = CoffeePad;
		};
		8B6BC5D32DD03C4000CC5808 /* PBXContainerItemProxy */ = {
			isa = PBXContainerItemProxy;
			containerPortal = 8B6BC5B12DD03C3E00CC5808 /* Project object */;
			proxyType = 1;
			remoteGlobalIDString = 8B6BC5B82DD03C3E00CC5808;
			remoteInfo = CoffeePad;
		};
/* End PBXContainerItemProxy section */

/* Begin PBXFileReference section */
		8B6BC5B92DD03C3E00CC5808 /* CoffeePad.app */ = {isa = PBXFileReference; explicitFileType = wrapper.application; includeInIndex = 0; path = CoffeePad.app; sourceTree = BUILT_PRODUCTS_DIR; };
		8B6BC5C82DD03C4000CC5808 /* CoffeePadTests.xctest */ = {isa = PBXFileReference; explicitFileType = wrapper.cfbundle; includeInIndex = 0; path = CoffeePadTests.xctest; sourceTree = BUILT_PRODUCTS_DIR; };
		8B6BC5D22DD03C4000CC5808 /* CoffeePadUITests.xctest */ = {isa = PBXFileReference; explicitFileType = wrapper.cfbundle; includeInIndex = 0; path = CoffeePadUITests.xctest; sourceTree = BUILT_PRODUCTS_DIR; };
		8BB3690F2DE1A6D100DB6FDD /* README.md */ = {isa = PBXFileReference; lastKnownFileType = net.daringfireball.markdown; path = README.md; sourceTree = "<group>"; };
		8BB369112DE1A76E00DB6FDD /* .swiftlint.yml */ = {isa = PBXFileReference; lastKnownFileType = text.yaml; path = .swiftlint.yml; sourceTree = "<group>"; };
/* End PBXFileReference section */

/* Begin PBXFileSystemSynchronizedRootGroup section */
		8B6BC5BB2DD03C3E00CC5808 /* CoffeePad */ = {
			isa = PBXFileSystemSynchronizedRootGroup;
			path = CoffeePad;
			sourceTree = "<group>";
		};
		8B6BC5CB2DD03C4000CC5808 /* CoffeePadTests */ = {
			isa = PBXFileSystemSynchronizedRootGroup;
			path = CoffeePadTests;
			sourceTree = "<group>";
		};
		8B6BC5D52DD03C4000CC5808 /* CoffeePadUITests */ = {
			isa = PBXFileSystemSynchronizedRootGroup;
			path = CoffeePadUITests;
			sourceTree = "<group>";
		};
/* End PBXFileSystemSynchronizedRootGroup section */

/* Begin PBXFrameworksBuildPhase section */
		8B6BC5B62DD03C3E00CC5808 /* Frameworks */ = {
			isa = PBXFrameworksBuildPhase;
			buildActionMask = 2147483647;
			files = (
				8B506FA72DD094E0008F20BA /* Inject in Frameworks */,
			);
			runOnlyForDeploymentPostprocessing = 0;
		};
		8B6BC5C52DD03C4000CC5808 /* Frameworks */ = {
			isa = PBXFrameworksBuildPhase;
			buildActionMask = 2147483647;
			files = (
			);
			runOnlyForDeploymentPostprocessing = 0;
		};
		8B6BC5CF2DD03C4000CC5808 /* Frameworks */ = {
			isa = PBXFrameworksBuildPhase;
			buildActionMask = 2147483647;
			files = (
			);
			runOnlyForDeploymentPostprocessing = 0;
		};
/* End PBXFrameworksBuildPhase section */

/* Begin PBXGroup section */
		8B506FA52DD094E0008F20BA /* Frameworks */ = {
			isa = PBXGroup;
			children = (
			);
			name = Frameworks;
			sourceTree = "<group>";
		};
		8B6BC5B02DD03C3E00CC5808 = {
			isa = PBXGroup;
			children = (
				8B6BC5BB2DD03C3E00CC5808 /* CoffeePad */,
				8B6BC5CB2DD03C4000CC5808 /* CoffeePadTests */,
				8B6BC5D52DD03C4000CC5808 /* CoffeePadUITests */,
				8B506FA52DD094E0008F20BA /* Frameworks */,
				8B6BC5BA2DD03C3E00CC5808 /* Products */,
				8BB3690F2DE1A6D100DB6FDD /* README.md */,
				8BB369112DE1A76E00DB6FDD /* .swiftlint.yml */,
			);
			sourceTree = "<group>";
		};
		8B6BC5BA2DD03C3E00CC5808 /* Products */ = {
			isa = PBXGroup;
			children = (
				8B6BC5B92DD03C3E00CC5808 /* CoffeePad.app */,
				8B6BC5C82DD03C4000CC5808 /* CoffeePadTests.xctest */,
				8B6BC5D22DD03C4000CC5808 /* CoffeePadUITests.xctest */,
			);
			name = Products;
			sourceTree = "<group>";
		};
/* End PBXGroup section */

/* Begin PBXNativeTarget section */
		8B6BC5B82DD03C3E00CC5808 /* CoffeePad */ = {
			isa = PBXNativeTarget;
			buildConfigurationList = 8B6BC5DC2DD03C4000CC5808 /* Build configuration list for PBXNativeTarget "CoffeePad" */;
			buildPhases = (
				8BB368E12DE19EDA00DB6FDD /* Run Script */,
				8B6BC5B52DD03C3E00CC5808 /* Sources */,
				8B6BC5B62DD03C3E00CC5808 /* Frameworks */,
				8B6BC5B72DD03C3E00CC5808 /* Resources */,
				8BB369612DE1CA9C00DB6FDD /* ShellScript */,
			);
			buildRules = (
			);
			dependencies = (
			);
			fileSystemSynchronizedGroups = (
				8B6BC5BB2DD03C3E00CC5808 /* CoffeePad */,
			);
			name = CoffeePad;
			packageProductDependencies = (
				8B506FA62DD094E0008F20BA /* Inject */,
			);
			productName = CoffeePad;
			productReference = 8B6BC5B92DD03C3E00CC5808 /* CoffeePad.app */;
			productType = "com.apple.product-type.application";
		};
		8B6BC5C72DD03C4000CC5808 /* CoffeePadTests */ = {
			isa = PBXNativeTarget;
			buildConfigurationList = 8B6BC5DF2DD03C4000CC5808 /* Build configuration list for PBXNativeTarget "CoffeePadTests" */;
			buildPhases = (
				8B6BC5C42DD03C4000CC5808 /* Sources */,
				8B6BC5C52DD03C4000CC5808 /* Frameworks */,
				8B6BC5C62DD03C4000CC5808 /* Resources */,
			);
			buildRules = (
			);
			dependencies = (
				8B6BC5CA2DD03C4000CC5808 /* PBXTargetDependency */,
			);
			fileSystemSynchronizedGroups = (
				8B6BC5CB2DD03C4000CC5808 /* CoffeePadTests */,
			);
			name = CoffeePadTests;
			packageProductDependencies = (
			);
			productName = CoffeePadTests;
			productReference = 8B6BC5C82DD03C4000CC5808 /* CoffeePadTests.xctest */;
			productType = "com.apple.product-type.bundle.unit-test";
		};
		8B6BC5D12DD03C4000CC5808 /* CoffeePadUITests */ = {
			isa = PBXNativeTarget;
			buildConfigurationList = 8B6BC5E22DD03C4000CC5808 /* Build configuration list for PBXNativeTarget "CoffeePadUITests" */;
			buildPhases = (
				8B6BC5CE2DD03C4000CC5808 /* Sources */,
				8B6BC5CF2DD03C4000CC5808 /* Frameworks */,
				8B6BC5D02DD03C4000CC5808 /* Resources */,
			);
			buildRules = (
			);
			dependencies = (
				8B6BC5D42DD03C4000CC5808 /* PBXTargetDependency */,
			);
			fileSystemSynchronizedGroups = (
				8B6BC5D52DD03C4000CC5808 /* CoffeePadUITests */,
			);
			name = CoffeePadUITests;
			packageProductDependencies = (
			);
			productName = CoffeePadUITests;
			productReference = 8B6BC5D22DD03C4000CC5808 /* CoffeePadUITests.xctest */;
			productType = "com.apple.product-type.bundle.ui-testing";
		};
/* End PBXNativeTarget section */

/* Begin PBXProject section */
		8B6BC5B12DD03C3E00CC5808 /* Project object */ = {
			isa = PBXProject;
			attributes = {
				BuildIndependentTargetsInParallel = 1;
				LastSwiftUpdateCheck = 1630;
				LastUpgradeCheck = 1630;
				TargetAttributes = {
					8B6BC5B82DD03C3E00CC5808 = {
						CreatedOnToolsVersion = 16.3;
					};
					8B6BC5C72DD03C4000CC5808 = {
						CreatedOnToolsVersion = 16.3;
						TestTargetID = 8B6BC5B82DD03C3E00CC5808;
					};
					8B6BC5D12DD03C4000CC5808 = {
						CreatedOnToolsVersion = 16.3;
						TestTargetID = 8B6BC5B82DD03C3E00CC5808;
					};
				};
			};
			buildConfigurationList = 8B6BC5B42DD03C3E00CC5808 /* Build configuration list for PBXProject "CoffeePad" */;
			developmentRegion = en;
			hasScannedForEncodings = 0;
			knownRegions = (
				en,
				Base,
			);
			mainGroup = 8B6BC5B02DD03C3E00CC5808;
			minimizedProjectReferenceProxies = 1;
			packageReferences = (
				8B506F922DD09292008F20BA /* XCRemoteSwiftPackageReference "Inject" */,
				8BB369392DE1C6EF00DB6FDD /* XCRemoteSwiftPackageReference "SwiftFormat" */,
			);
			preferredProjectObjectVersion = 77;
			productRefGroup = 8B6BC5BA2DD03C3E00CC5808 /* Products */;
			projectDirPath = "";
			projectRoot = "";
			targets = (
				8B6BC5B82DD03C3E00CC5808 /* CoffeePad */,
				8B6BC5C72DD03C4000CC5808 /* CoffeePadTests */,
				8B6BC5D12DD03C4000CC5808 /* CoffeePadUITests */,
			);
		};
/* End PBXProject section */

/* Begin PBXResourcesBuildPhase section */
		8B6BC5B72DD03C3E00CC5808 /* Resources */ = {
			isa = PBXResourcesBuildPhase;
			buildActionMask = 2147483647;
			files = (
				8BB369122DE1A76E00DB6FDD /* .swiftlint.yml in Resources */,
				8BB369102DE1A6D100DB6FDD /* README.md in Resources */,
			);
			runOnlyForDeploymentPostprocessing = 0;
		};
		8B6BC5C62DD03C4000CC5808 /* Resources */ = {
			isa = PBXResourcesBuildPhase;
			buildActionMask = 2147483647;
			files = (
			);
			runOnlyForDeploymentPostprocessing = 0;
		};
		8B6BC5D02DD03C4000CC5808 /* Resources */ = {
			isa = PBXResourcesBuildPhase;
			buildActionMask = 2147483647;
			files = (
			);
			runOnlyForDeploymentPostprocessing = 0;
		};
/* End PBXResourcesBuildPhase section */

/* Begin PBXShellScriptBuildPhase section */
		8BB368E12DE19EDA00DB6FDD /* Run Script */ = {
			isa = PBXShellScriptBuildPhase;
			alwaysOutOfDate = 1;
			buildActionMask = 2147483647;
			files = (
			);
			inputFileListPaths = (
			);
			inputPaths = (
			);
			name = "Run Script";
			outputFileListPaths = (
			);
			outputPaths = (
			);
			runOnlyForDeploymentPostprocessing = 0;
			shellPath = /bin/sh;
			shellScript = "export PATH=\"/opt/homebrew/bin:/usr/local/bin:$PATH\"\n\nif which swiftlint >/dev/null; then\n  swiftlint\nelse\n  echo \"warning: SwiftLint not installed\"\nfi\n";
		};
		8BB369612DE1CA9C00DB6FDD /* ShellScript */ = {
			isa = PBXShellScriptBuildPhase;
			alwaysOutOfDate = 1;
			buildActionMask = 2147483647;
			files = (
			);
			inputFileListPaths = (
			);
			inputPaths = (
			);
			outputFileListPaths = (
			);
			outputPaths = (
			);
			runOnlyForDeploymentPostprocessing = 0;
			shellPath = /bin/sh;
			shellScript = "if [[ -e \"${BUILD_ROOT}/../../SourcePackages/checkouts/SwiftFormat/CommandLineTool/swiftformat\" ]]; then\n  \"${BUILD_ROOT}/../../SourcePackages/checkouts/SwiftFormat/CommandLineTool/swiftformat\" \"${SRCROOT}/CoffeePad\"\nelse\n  echo \"warning: SwiftFormat not found\"\nfi\n";
		};
/* End PBXShellScriptBuildPhase section */

/* Begin PBXSourcesBuildPhase section */
		8B6BC5B52DD03C3E00CC5808 /* Sources */ = {
			isa = PBXSourcesBuildPhase;
			buildActionMask = 2147483647;
			files = (
			);
			runOnlyForDeploymentPostprocessing = 0;
		};
		8B6BC5C42DD03C4000CC5808 /* Sources */ = {
			isa = PBXSourcesBuildPhase;
			buildActionMask = 2147483647;
			files = (
			);
			runOnlyForDeploymentPostprocessing = 0;
		};
		8B6BC5CE2DD03C4000CC5808 /* Sources */ = {
			isa = PBXSourcesBuildPhase;
			buildActionMask = 2147483647;
			files = (
			);
			runOnlyForDeploymentPostprocessing = 0;
		};
/* End PBXSourcesBuildPhase section */

/* Begin PBXTargetDependency section */
		8B6BC5CA2DD03C4000CC5808 /* PBXTargetDependency */ = {
			isa = PBXTargetDependency;
			target = 8B6BC5B82DD03C3E00CC5808 /* CoffeePad */;
			targetProxy = 8B6BC5C92DD03C4000CC5808 /* PBXContainerItemProxy */;
		};
		8B6BC5D42DD03C4000CC5808 /* PBXTargetDependency */ = {
			isa = PBXTargetDependency;
			target = 8B6BC5B82DD03C3E00CC5808 /* CoffeePad */;
			targetProxy = 8B6BC5D32DD03C4000CC5808 /* PBXContainerItemProxy */;
		};
/* End PBXTargetDependency section */

/* Begin XCBuildConfiguration section */
		8B6BC5DA2DD03C4000CC5808 /* Debug */ = {
			isa = XCBuildConfiguration;
			buildSettings = {
				ALWAYS_SEARCH_USER_PATHS = NO;
				ASSETCATALOG_COMPILER_GENERATE_SWIFT_ASSET_SYMBOL_EXTENSIONS = YES;
				CLANG_ANALYZER_NONNULL = YES;
				CLANG_ANALYZER_NUMBER_OBJECT_CONVERSION = YES_AGGRESSIVE;
				CLANG_CXX_LANGUAGE_STANDARD = "gnu++20";
				CLANG_ENABLE_MODULES = YES;
				CLANG_ENABLE_OBJC_ARC = YES;
				CLANG_ENABLE_OBJC_WEAK = YES;
				CLANG_WARN_BLOCK_CAPTURE_AUTORELEASING = YES;
				CLANG_WARN_BOOL_CONVERSION = YES;
				CLANG_WARN_COMMA = YES;
				CLANG_WARN_CONSTANT_CONVERSION = YES;
				CLANG_WARN_DEPRECATED_OBJC_IMPLEMENTATIONS = YES;
				CLANG_WARN_DIRECT_OBJC_ISA_USAGE = YES_ERROR;
				CLANG_WARN_DOCUMENTATION_COMMENTS = YES;
				CLANG_WARN_EMPTY_BODY = YES;
				CLANG_WARN_ENUM_CONVERSION = YES;
				CLANG_WARN_INFINITE_RECURSION = YES;
				CLANG_WARN_INT_CONVERSION = YES;
				CLANG_WARN_NON_LITERAL_NULL_CONVERSION = YES;
				CLANG_WARN_OBJC_IMPLICIT_RETAIN_SELF = YES;
				CLANG_WARN_OBJC_LITERAL_CONVERSION = YES;
				CLANG_WARN_OBJC_ROOT_CLASS = YES_ERROR;
				CLANG_WARN_QUOTED_INCLUDE_IN_FRAMEWORK_HEADER = YES;
				CLANG_WARN_RANGE_LOOP_ANALYSIS = YES;
				CLANG_WARN_STRICT_PROTOTYPES = YES;
				CLANG_WARN_SUSPICIOUS_MOVE = YES;
				CLANG_WARN_UNGUARDED_AVAILABILITY = YES_AGGRESSIVE;
				CLANG_WARN_UNREACHABLE_CODE = YES;
				CLANG_WARN__DUPLICATE_METHOD_MATCH = YES;
				COPY_PHASE_STRIP = NO;
				DEBUG_INFORMATION_FORMAT = dwarf;
				ENABLE_STRICT_OBJC_MSGSEND = YES;
				ENABLE_TESTABILITY = YES;
				ENABLE_USER_SCRIPT_SANDBOXING = YES;
				GCC_C_LANGUAGE_STANDARD = gnu17;
				GCC_DYNAMIC_NO_PIC = NO;
				GCC_NO_COMMON_BLOCKS = YES;
				GCC_OPTIMIZATION_LEVEL = 0;
				GCC_PREPROCESSOR_DEFINITIONS = (
					"DEBUG=1",
					"$(inherited)",
				);
				GCC_WARN_64_TO_32_BIT_CONVERSION = YES;
				GCC_WARN_ABOUT_RETURN_TYPE = YES_ERROR;
				GCC_WARN_UNDECLARED_SELECTOR = YES;
				GCC_WARN_UNINITIALIZED_AUTOS = YES_AGGRESSIVE;
				GCC_WARN_UNUSED_FUNCTION = YES;
				GCC_WARN_UNUSED_VARIABLE = YES;
				IPHONEOS_DEPLOYMENT_TARGET = 18.4;
				LOCALIZATION_PREFERS_STRING_CATALOGS = YES;
				MTL_ENABLE_DEBUG_INFO = INCLUDE_SOURCE;
				MTL_FAST_MATH = YES;
				ONLY_ACTIVE_ARCH = YES;
				OTHER_LDFLAGS = "";
				SDKROOT = iphoneos;
				SWIFT_ACTIVE_COMPILATION_CONDITIONS = "DEBUG $(inherited)";
				SWIFT_OPTIMIZATION_LEVEL = "-Onone";
			};
			name = Debug;
		};
		8B6BC5DB2DD03C4000CC5808 /* Release */ = {
			isa = XCBuildConfiguration;
			buildSettings = {
				ALWAYS_SEARCH_USER_PATHS = NO;
				ASSETCATALOG_COMPILER_GENERATE_SWIFT_ASSET_SYMBOL_EXTENSIONS = YES;
				CLANG_ANALYZER_NONNULL = YES;
				CLANG_ANALYZER_NUMBER_OBJECT_CONVERSION = YES_AGGRESSIVE;
				CLANG_CXX_LANGUAGE_STANDARD = "gnu++20";
				CLANG_ENABLE_MODULES = YES;
				CLANG_ENABLE_OBJC_ARC = YES;
				CLANG_ENABLE_OBJC_WEAK = YES;
				CLANG_WARN_BLOCK_CAPTURE_AUTORELEASING = YES;
				CLANG_WARN_BOOL_CONVERSION = YES;
				CLANG_WARN_COMMA = YES;
				CLANG_WARN_CONSTANT_CONVERSION = YES;
				CLANG_WARN_DEPRECATED_OBJC_IMPLEMENTATIONS = YES;
				CLANG_WARN_DIRECT_OBJC_ISA_USAGE = YES_ERROR;
				CLANG_WARN_DOCUMENTATION_COMMENTS = YES;
				CLANG_WARN_EMPTY_BODY = YES;
				CLANG_WARN_ENUM_CONVERSION = YES;
				CLANG_WARN_INFINITE_RECURSION = YES;
				CLANG_WARN_INT_CONVERSION = YES;
				CLANG_WARN_NON_LITERAL_NULL_CONVERSION = YES;
				CLANG_WARN_OBJC_IMPLICIT_RETAIN_SELF = YES;
				CLANG_WARN_OBJC_LITERAL_CONVERSION = YES;
				CLANG_WARN_OBJC_ROOT_CLASS = YES_ERROR;
				CLANG_WARN_QUOTED_INCLUDE_IN_FRAMEWORK_HEADER = YES;
				CLANG_WARN_RANGE_LOOP_ANALYSIS = YES;
				CLANG_WARN_STRICT_PROTOTYPES = YES;
				CLANG_WARN_SUSPICIOUS_MOVE = YES;
				CLANG_WARN_UNGUARDED_AVAILABILITY = YES_AGGRESSIVE;
				CLANG_WARN_UNREACHABLE_CODE = YES;
				CLANG_WARN__DUPLICATE_METHOD_MATCH = YES;
				COPY_PHASE_STRIP = NO;
				DEBUG_INFORMATION_FORMAT = "dwarf-with-dsym";
				ENABLE_NS_ASSERTIONS = NO;
				ENABLE_STRICT_OBJC_MSGSEND = YES;
				ENABLE_USER_SCRIPT_SANDBOXING = YES;
				GCC_C_LANGUAGE_STANDARD = gnu17;
				GCC_NO_COMMON_BLOCKS = YES;
				GCC_WARN_64_TO_32_BIT_CONVERSION = YES;
				GCC_WARN_ABOUT_RETURN_TYPE = YES_ERROR;
				GCC_WARN_UNDECLARED_SELECTOR = YES;
				GCC_WARN_UNINITIALIZED_AUTOS = YES_AGGRESSIVE;
				GCC_WARN_UNUSED_FUNCTION = YES;
				GCC_WARN_UNUSED_VARIABLE = YES;
				IPHONEOS_DEPLOYMENT_TARGET = 18.4;
				LOCALIZATION_PREFERS_STRING_CATALOGS = YES;
				MTL_ENABLE_DEBUG_INFO = NO;
				MTL_FAST_MATH = YES;
				SDKROOT = iphoneos;
				SWIFT_COMPILATION_MODE = wholemodule;
				VALIDATE_PRODUCT = YES;
			};
			name = Release;
		};
		8B6BC5DD2DD03C4000CC5808 /* Debug */ = {
			isa = XCBuildConfiguration;
			buildSettings = {
				ASSETCATALOG_COMPILER_APPICON_NAME = AppIcon;
				ASSETCATALOG_COMPILER_GLOBAL_ACCENT_COLOR_NAME = AccentColor;
				CODE_SIGN_STYLE = Automatic;
				CURRENT_PROJECT_VERSION = 1;
				EMIT_FRONTEND_COMMAND_LINES = YES;
				ENABLE_PREVIEWS = YES;
				ENABLE_USER_SCRIPT_SANDBOXING = NO;
				GENERATE_INFOPLIST_FILE = YES;
				INFOPLIST_KEY_UIApplicationSceneManifest_Generation = YES;
				INFOPLIST_KEY_UIApplicationSupportsIndirectInputEvents = YES;
				INFOPLIST_KEY_UILaunchScreen_Generation = YES;
				INFOPLIST_KEY_UISupportedInterfaceOrientations_iPad = "UIInterfaceOrientationPortrait UIInterfaceOrientationPortraitUpsideDown UIInterfaceOrientationLandscapeLeft UIInterfaceOrientationLandscapeRight";
				INFOPLIST_KEY_UISupportedInterfaceOrientations_iPhone = "UIInterfaceOrientationPortrait UIInterfaceOrientationLandscapeLeft UIInterfaceOrientationLandscapeRight";
				LD_RUNPATH_SEARCH_PATHS = (
					"$(inherited)",
					"@executable_path/Frameworks",
				);
				MARKETING_VERSION = 1.0;
				OTHER_LDFLAGS = (
					"-Xlinker",
					"-interposable",
				);
				PRODUCT_BUNDLE_IDENTIFIER = com.gotanakagawa.CoffeePad;
				PRODUCT_NAME = "$(TARGET_NAME)";
				SWIFT_EMIT_LOC_STRINGS = YES;
				SWIFT_VERSION = 5.0;
				TARGETED_DEVICE_FAMILY = "1,2";
			};
			name = Debug;
		};
		8B6BC5DE2DD03C4000CC5808 /* Release */ = {
			isa = XCBuildConfiguration;
			buildSettings = {
				ASSETCATALOG_COMPILER_APPICON_NAME = AppIcon;
				ASSETCATALOG_COMPILER_GLOBAL_ACCENT_COLOR_NAME = AccentColor;
				CODE_SIGN_STYLE = Automatic;
				CURRENT_PROJECT_VERSION = 1;
				EMIT_FRONTEND_COMMAND_LINES = YES;
				ENABLE_PREVIEWS = YES;
				ENABLE_USER_SCRIPT_SANDBOXING = NO;
				GENERATE_INFOPLIST_FILE = YES;
				INFOPLIST_KEY_UIApplicationSceneManifest_Generation = YES;
				INFOPLIST_KEY_UIApplicationSupportsIndirectInputEvents = YES;
				INFOPLIST_KEY_UILaunchScreen_Generation = YES;
				INFOPLIST_KEY_UISupportedInterfaceOrientations_iPad = "UIInterfaceOrientationPortrait UIInterfaceOrientationPortraitUpsideDown UIInterfaceOrientationLandscapeLeft UIInterfaceOrientationLandscapeRight";
				INFOPLIST_KEY_UISupportedInterfaceOrientations_iPhone = "UIInterfaceOrientationPortrait UIInterfaceOrientationLandscapeLeft UIInterfaceOrientationLandscapeRight";
				LD_RUNPATH_SEARCH_PATHS = (
					"$(inherited)",
					"@executable_path/Frameworks",
				);
				MARKETING_VERSION = 1.0;
				PRODUCT_BUNDLE_IDENTIFIER = com.gotanakagawa.CoffeePad;
				PRODUCT_NAME = "$(TARGET_NAME)";
				SWIFT_EMIT_LOC_STRINGS = YES;
				SWIFT_VERSION = 5.0;
				TARGETED_DEVICE_FAMILY = "1,2";
			};
			name = Release;
		};
		8B6BC5E02DD03C4000CC5808 /* Debug */ = {
			isa = XCBuildConfiguration;
			buildSettings = {
				BUNDLE_LOADER = "$(TEST_HOST)";
				CODE_SIGN_STYLE = Automatic;
				CURRENT_PROJECT_VERSION = 1;
				GENERATE_INFOPLIST_FILE = YES;
				IPHONEOS_DEPLOYMENT_TARGET = 18.4;
				MARKETING_VERSION = 1.0;
				PRODUCT_BUNDLE_IDENTIFIER = com.gotanakagawa.CoffeePadTests;
				PRODUCT_NAME = "$(TARGET_NAME)";
				SWIFT_EMIT_LOC_STRINGS = NO;
				SWIFT_VERSION = 5.0;
				TARGETED_DEVICE_FAMILY = "1,2";
				TEST_HOST = "$(BUILT_PRODUCTS_DIR)/CoffeePad.app/$(BUNDLE_EXECUTABLE_FOLDER_PATH)/CoffeePad";
			};
			name = Debug;
		};
		8B6BC5E12DD03C4000CC5808 /* Release */ = {
			isa = XCBuildConfiguration;
			buildSettings = {
				BUNDLE_LOADER = "$(TEST_HOST)";
				CODE_SIGN_STYLE = Automatic;
				CURRENT_PROJECT_VERSION = 1;
				GENERATE_INFOPLIST_FILE = YES;
				IPHONEOS_DEPLOYMENT_TARGET = 18.4;
				MARKETING_VERSION = 1.0;
				PRODUCT_BUNDLE_IDENTIFIER = com.gotanakagawa.CoffeePadTests;
				PRODUCT_NAME = "$(TARGET_NAME)";
				SWIFT_EMIT_LOC_STRINGS = NO;
				SWIFT_VERSION = 5.0;
				TARGETED_DEVICE_FAMILY = "1,2";
				TEST_HOST = "$(BUILT_PRODUCTS_DIR)/CoffeePad.app/$(BUNDLE_EXECUTABLE_FOLDER_PATH)/CoffeePad";
			};
			name = Release;
		};
		8B6BC5E32DD03C4000CC5808 /* Debug */ = {
			isa = XCBuildConfiguration;
			buildSettings = {
				CODE_SIGN_STYLE = Automatic;
				CURRENT_PROJECT_VERSION = 1;
				GENERATE_INFOPLIST_FILE = YES;
				MARKETING_VERSION = 1.0;
				PRODUCT_BUNDLE_IDENTIFIER = com.gotanakagawa.CoffeePadUITests;
				PRODUCT_NAME = "$(TARGET_NAME)";
				SWIFT_EMIT_LOC_STRINGS = NO;
				SWIFT_VERSION = 5.0;
				TARGETED_DEVICE_FAMILY = "1,2";
				TEST_TARGET_NAME = CoffeePad;
			};
			name = Debug;
		};
		8B6BC5E42DD03C4000CC5808 /* Release */ = {
			isa = XCBuildConfiguration;
			buildSettings = {
				CODE_SIGN_STYLE = Automatic;
				CURRENT_PROJECT_VERSION = 1;
				GENERATE_INFOPLIST_FILE = YES;
				MARKETING_VERSION = 1.0;
				PRODUCT_BUNDLE_IDENTIFIER = com.gotanakagawa.CoffeePadUITests;
				PRODUCT_NAME = "$(TARGET_NAME)";
				SWIFT_EMIT_LOC_STRINGS = NO;
				SWIFT_VERSION = 5.0;
				TARGETED_DEVICE_FAMILY = "1,2";
				TEST_TARGET_NAME = CoffeePad;
			};
			name = Release;
		};
/* End XCBuildConfiguration section */

/* Begin XCConfigurationList section */
		8B6BC5B42DD03C3E00CC5808 /* Build configuration list for PBXProject "CoffeePad" */ = {
			isa = XCConfigurationList;
			buildConfigurations = (
				8B6BC5DA2DD03C4000CC5808 /* Debug */,
				8B6BC5DB2DD03C4000CC5808 /* Release */,
			);
			defaultConfigurationIsVisible = 0;
			defaultConfigurationName = Release;
		};
		8B6BC5DC2DD03C4000CC5808 /* Build configuration list for PBXNativeTarget "CoffeePad" */ = {
			isa = XCConfigurationList;
			buildConfigurations = (
				8B6BC5DD2DD03C4000CC5808 /* Debug */,
				8B6BC5DE2DD03C4000CC5808 /* Release */,
			);
			defaultConfigurationIsVisible = 0;
			defaultConfigurationName = Release;
		};
		8B6BC5DF2DD03C4000CC5808 /* Build configuration list for PBXNativeTarget "CoffeePadTests" */ = {
			isa = XCConfigurationList;
			buildConfigurations = (
				8B6BC5E02DD03C4000CC5808 /* Debug */,
				8B6BC5E12DD03C4000CC5808 /* Release */,
			);
			defaultConfigurationIsVisible = 0;
			defaultConfigurationName = Release;
		};
		8B6BC5E22DD03C4000CC5808 /* Build configuration list for PBXNativeTarget "CoffeePadUITests" */ = {
			isa = XCConfigurationList;
			buildConfigurations = (
				8B6BC5E32DD03C4000CC5808 /* Debug */,
				8B6BC5E42DD03C4000CC5808 /* Release */,
			);
			defaultConfigurationIsVisible = 0;
			defaultConfigurationName = Release;
		};
/* End XCConfigurationList section */

/* Begin XCRemoteSwiftPackageReference section */
		8B506F922DD09292008F20BA /* XCRemoteSwiftPackageReference "Inject" */ = {
			isa = XCRemoteSwiftPackageReference;
			repositoryURL = "https://github.com/krzysztofzablocki/Inject.git";
			requirement = {
				kind = upToNextMajorVersion;
				minimumVersion = 1.5.2;
			};
		};
		8BB369392DE1C6EF00DB6FDD /* XCRemoteSwiftPackageReference "SwiftFormat" */ = {
			isa = XCRemoteSwiftPackageReference;
			repositoryURL = "https://github.com/nicklockwood/SwiftFormat";
			requirement = {
				kind = upToNextMajorVersion;
				minimumVersion = 0.56.1;
			};
		};
/* End XCRemoteSwiftPackageReference section */

/* Begin XCSwiftPackageProductDependency section */
		8B506FA62DD094E0008F20BA /* Inject */ = {
			isa = XCSwiftPackageProductDependency;
			package = 8B506F922DD09292008F20BA /* XCRemoteSwiftPackageReference "Inject" */;
			productName = Inject;
		};
/* End XCSwiftPackageProductDependency section */
	};
	rootObject = 8B6BC5B12DD03C3E00CC5808 /* Project object */;
}
